{
  "object": {
    "pins": [
      {
        "package": "FoundationEx",
        "repositoryURL": "https://github.com/RocketLaunchpad/FoundationEx.git",
        "state": {
          "branch": "main",
          "revision": "76570c0269d7e8622435efce85b49b5132dbeb71",
          "version": null
        }
      },
      {
        "package": "Tagged",
        "repositoryURL": "https://github.com/pointfreeco/swift-tagged.git",
        "state": {
          "branch": null,
          "revision": "592e1eb4255c571ebffc29955011e352217501b4",
          "version": "0.5.0"
        }
      }
    ]
  },
  "version": 1
}
